
Microsoft Visual Studio Solution File, Format Version 12.00
# Visual Studio Version 16
VisualStudioVersion = 16.0.29728.190
MinimumVisualStudioVersion = 10.0.40219.1
Project("{FAE04EC0-301F-11D3-BF4B-00C04F79EFBC}") = "My_demo01_异步编程", "My_demo01\My_demo01_异步编程.csproj", "{AF040034-FF38-484F-AC22-6E9DE27F6A94}"
EndProject
Project("{FAE04EC0-301F-11D3-BF4B-00C04F79EFBC}") = "My_demo02_type反射", "..\My+demo02\My_demo02_type反射.csproj", "{942A7364-F5CD-4D86-B75B-D5FBD9F4ADA9}"
EndProject
Project("{FAE04EC0-301F-11D3-BF4B-00C04F79EFBC}") = "My_demo03_Thread线程", "..\My_demo03_Thread线程\My_demo03_Thread线程.csproj", "{E95DEAA2-0220-4FEA-8C24-684DAEDCCD30}"
EndProject
Project("{FAE04EC0-301F-11D3-BF4B-00C04F79EFBC}") = "My_demo04_特性", "..\My_demo04_特性\My_demo04_特性.csproj", "{537C08D6-7BE0-4F65-BC67-6C40DF9452AB}"
EndProject
Project("{FAE04EC0-301F-11D3-BF4B-00C04F79EFBC}") = "My_demo05_socket编程", "..\My_demo05_socket编程\My_demo05_socket编程.csproj", "{869DBCC4-9989-4162-8E9F-C6F8EDA13EE4}"
EndProject
Project("{FAE04EC0-301F-11D3-BF4B-00C04F79EFBC}") = "My_demo06_调用外部API", "My_demo06调用外部API\My_demo06_调用外部API.csproj", "{BD34F610-5565-42A4-AB1D-ACD1BB95BC9C}"
EndProject
Project("{9A19103F-16F7-4668-BE54-9A1E7A4F7556}") = "My_demo07_流", "My_demo07_流\My_demo07_流.csproj", "{4B31D633-FD69-4B75-957B-B47F6E125CAD}"
EndProject
Project("{9A19103F-16F7-4668-BE54-9A1E7A4F7556}") = "My_demo08_序列化与反序列化", "My_demo08_序列化与反序列化\My_demo08_序列化与反序列化.csproj", "{4E0E1168-4333-481B-ACD3-C2A34A251EFA}"
EndProject
Project("{9A19103F-16F7-4668-BE54-9A1E7A4F7556}") = "My_demo09_RestFul风格API", "My_demo09_RestFul风格API\My_demo09_RestFul风格API.csproj", "{DC67901A-3CC5-46FA-995B-F5DC3CF733A2}"
EndProject
Project("{9A19103F-16F7-4668-BE54-9A1E7A4F7556}") = "ConsoleApp1", "ConsoleApp1\ConsoleApp1.csproj", "{876FE195-C3F5-4A01-9AD0-FB5BAF8B607C}"
EndProject
Project("{2150E333-8FDC-42A3-9474-1A3956D46DE8}") = "LeetCode_Question", "LeetCode_Question", "{4A9E9165-EE68-4D00-8CDA-8E99A3B321F1}"
EndProject
Project("{9A19103F-16F7-4668-BE54-9A1E7A4F7556}") = "采用递归求第n位数(斐波那契)", "采用递归求第n位数(斐波那契)\采用递归求第n位数(斐波那契).csproj", "{6C83AF61-74BE-4C19-BF9F-6E03490BE71E}"
EndProject
Project("{9A19103F-16F7-4668-BE54-9A1E7A4F7556}") = "泰波那契数列", "泰波那契数列\泰波那契数列.csproj", "{530FD3E2-5E09-455E-A3C1-331B04D5D033}"
EndProject
Project("{9A19103F-16F7-4668-BE54-9A1E7A4F7556}") = "My_demo10_委托_匿名函数_lambda", "My_demo10_委托_匿名函数_lambda\My_demo10_委托_匿名函数_lambda.csproj", "{A4AEEFC6-C9E9-4001-9368-ABDFE834C2AF}"
EndProject
Project("{9A19103F-16F7-4668-BE54-9A1E7A4F7556}") = "My_demo11_泛型", "My_demo11_泛型\My_demo11_泛型.csproj", "{B74A56BC-F716-473E-8A89-7C82A3865D67}"
EndProject
Project("{9A19103F-16F7-4668-BE54-9A1E7A4F7556}") = "环形链表", "环形链表\环形链表.csproj", "{1E7ED0B9-F06F-41CF-B66B-32C3293389AA}"
EndProject
Project("{9A19103F-16F7-4668-BE54-9A1E7A4F7556}") = "AOP_Log4Net", "AOP_Log4Net\AOP_Log4Net.csproj", "{05B80791-0D81-4E59-9773-8339CF27D0AD}"
EndProject
Project("{9A19103F-16F7-4668-BE54-9A1E7A4F7556}") = "Redis实现分布式缓存", "Redis实现分布式缓存\Redis实现分布式缓存.csproj", "{CA540642-2CBB-4276-9D1D-EE198F83A7F6}"
EndProject
Project("{9A19103F-16F7-4668-BE54-9A1E7A4F7556}") = "实现strStr()", "实现strStr()\实现strStr().csproj", "{56C32D74-9EC7-441C-B293-A003A0168269}"
EndProject
Project("{9A19103F-16F7-4668-BE54-9A1E7A4F7556}") = "Redis消息队列", "Redis消息队列\Redis消息队列.csproj", "{78C3FF2C-A173-4A7C-A2F7-132E81AED47E}"
EndProject
Project("{2150E333-8FDC-42A3-9474-1A3956D46DE8}") = "Redis消息队列Demo", "Redis消息队列Demo", "{C8F12C9D-08CA-4207-81ED-D6910CCB1166}"
EndProject
Project("{9A19103F-16F7-4668-BE54-9A1E7A4F7556}") = "RedisPoints", "RedisPoints\RedisPoints.csproj", "{2D68C519-C5F8-41F5-89A6-0429CD3B659F}"
EndProject
Project("{9A19103F-16F7-4668-BE54-9A1E7A4F7556}") = "RedisSms", "RedisSms\RedisSms.csproj", "{9FF61D4A-CCD7-401F-85E3-11B4F2E2D17A}"
EndProject
Project("{2150E333-8FDC-42A3-9474-1A3956D46DE8}") = "Common", "Common", "{F34C2665-3A36-40DC-A1C7-ACDACB017054}"
EndProject
Project("{9A19103F-16F7-4668-BE54-9A1E7A4F7556}") = "Infrastructure", "Infrastructure\Infrastructure.csproj", "{E90F1155-0574-4FF7-A072-23F033F6EAF3}"
EndProject
Project("{9A19103F-16F7-4668-BE54-9A1E7A4F7556}") = "快乐数", "快乐数\快乐数.csproj", "{81ADE5FF-4671-4E39-9C2B-A0FB1C96E4C1}"
EndProject
Project("{FAE04EC0-301F-11D3-BF4B-00C04F79EFBC}") = "My_demo12_垃圾回收", "My_demo12_垃圾回收\My_demo12_垃圾回收.csproj", "{9FC6095F-A6ED-4AF4-8AA3-4B1AA0DFB4FF}"
EndProject
Project("{FAE04EC0-301F-11D3-BF4B-00C04F79EFBC}") = "My_demo13_整合Dapper", "My_demo13_整合Dapper\My_demo13_整合Dapper.csproj", "{F2E5D07F-D182-4CA5-BA15-82428551D57E}"
EndProject
Global
	GlobalSection(SolutionConfigurationPlatforms) = preSolution
		Debug|Any CPU = Debug|Any CPU
		Release|Any CPU = Release|Any CPU
	EndGlobalSection
	GlobalSection(ProjectConfigurationPlatforms) = postSolution
		{AF040034-FF38-484F-AC22-6E9DE27F6A94}.Debug|Any CPU.ActiveCfg = Debug|Any CPU
		{AF040034-FF38-484F-AC22-6E9DE27F6A94}.Debug|Any CPU.Build.0 = Debug|Any CPU
		{AF040034-FF38-484F-AC22-6E9DE27F6A94}.Release|Any CPU.ActiveCfg = Release|Any CPU
		{AF040034-FF38-484F-AC22-6E9DE27F6A94}.Release|Any CPU.Build.0 = Release|Any CPU
		{942A7364-F5CD-4D86-B75B-D5FBD9F4ADA9}.Debug|Any CPU.ActiveCfg = Debug|Any CPU
		{942A7364-F5CD-4D86-B75B-D5FBD9F4ADA9}.Debug|Any CPU.Build.0 = Debug|Any CPU
		{942A7364-F5CD-4D86-B75B-D5FBD9F4ADA9}.Release|Any CPU.ActiveCfg = Release|Any CPU
		{942A7364-F5CD-4D86-B75B-D5FBD9F4ADA9}.Release|Any CPU.Build.0 = Release|Any CPU
		{E95DEAA2-0220-4FEA-8C24-684DAEDCCD30}.Debug|Any CPU.ActiveCfg = Debug|Any CPU
		{E95DEAA2-0220-4FEA-8C24-684DAEDCCD30}.Debug|Any CPU.Build.0 = Debug|Any CPU
		{E95DEAA2-0220-4FEA-8C24-684DAEDCCD30}.Release|Any CPU.ActiveCfg = Release|Any CPU
		{E95DEAA2-0220-4FEA-8C24-684DAEDCCD30}.Release|Any CPU.Build.0 = Release|Any CPU
		{537C08D6-7BE0-4F65-BC67-6C40DF9452AB}.Debug|Any CPU.ActiveCfg = Debug|Any CPU
		{537C08D6-7BE0-4F65-BC67-6C40DF9452AB}.Debug|Any CPU.Build.0 = Debug|Any CPU
		{537C08D6-7BE0-4F65-BC67-6C40DF9452AB}.Release|Any CPU.ActiveCfg = Release|Any CPU
		{537C08D6-7BE0-4F65-BC67-6C40DF9452AB}.Release|Any CPU.Build.0 = Release|Any CPU
		{869DBCC4-9989-4162-8E9F-C6F8EDA13EE4}.Debug|Any CPU.ActiveCfg = Debug|Any CPU
		{869DBCC4-9989-4162-8E9F-C6F8EDA13EE4}.Debug|Any CPU.Build.0 = Debug|Any CPU
		{869DBCC4-9989-4162-8E9F-C6F8EDA13EE4}.Release|Any CPU.ActiveCfg = Release|Any CPU
		{869DBCC4-9989-4162-8E9F-C6F8EDA13EE4}.Release|Any CPU.Build.0 = Release|Any CPU
		{BD34F610-5565-42A4-AB1D-ACD1BB95BC9C}.Debug|Any CPU.ActiveCfg = Debug|Any CPU
		{BD34F610-5565-42A4-AB1D-ACD1BB95BC9C}.Debug|Any CPU.Build.0 = Debug|Any CPU
		{BD34F610-5565-42A4-AB1D-ACD1BB95BC9C}.Release|Any CPU.ActiveCfg = Release|Any CPU
		{BD34F610-5565-42A4-AB1D-ACD1BB95BC9C}.Release|Any CPU.Build.0 = Release|Any CPU
		{4B31D633-FD69-4B75-957B-B47F6E125CAD}.Debug|Any CPU.ActiveCfg = Debug|Any CPU
		{4B31D633-FD69-4B75-957B-B47F6E125CAD}.Debug|Any CPU.Build.0 = Debug|Any CPU
		{4B31D633-FD69-4B75-957B-B47F6E125CAD}.Release|Any CPU.ActiveCfg = Release|Any CPU
		{4B31D633-FD69-4B75-957B-B47F6E125CAD}.Release|Any CPU.Build.0 = Release|Any CPU
		{4E0E1168-4333-481B-ACD3-C2A34A251EFA}.Debug|Any CPU.ActiveCfg = Debug|Any CPU
		{4E0E1168-4333-481B-ACD3-C2A34A251EFA}.Debug|Any CPU.Build.0 = Debug|Any CPU
		{4E0E1168-4333-481B-ACD3-C2A34A251EFA}.Release|Any CPU.ActiveCfg = Release|Any CPU
		{4E0E1168-4333-481B-ACD3-C2A34A251EFA}.Release|Any CPU.Build.0 = Release|Any CPU
		{DC67901A-3CC5-46FA-995B-F5DC3CF733A2}.Debug|Any CPU.ActiveCfg = Debug|Any CPU
		{DC67901A-3CC5-46FA-995B-F5DC3CF733A2}.Debug|Any CPU.Build.0 = Debug|Any CPU
		{DC67901A-3CC5-46FA-995B-F5DC3CF733A2}.Release|Any CPU.ActiveCfg = Release|Any CPU
		{DC67901A-3CC5-46FA-995B-F5DC3CF733A2}.Release|Any CPU.Build.0 = Release|Any CPU
		{876FE195-C3F5-4A01-9AD0-FB5BAF8B607C}.Debug|Any CPU.ActiveCfg = Debug|Any CPU
		{876FE195-C3F5-4A01-9AD0-FB5BAF8B607C}.Debug|Any CPU.Build.0 = Debug|Any CPU
		{876FE195-C3F5-4A01-9AD0-FB5BAF8B607C}.Release|Any CPU.ActiveCfg = Release|Any CPU
		{876FE195-C3F5-4A01-9AD0-FB5BAF8B607C}.Release|Any CPU.Build.0 = Release|Any CPU
		{6C83AF61-74BE-4C19-BF9F-6E03490BE71E}.Debug|Any CPU.ActiveCfg = Debug|Any CPU
		{6C83AF61-74BE-4C19-BF9F-6E03490BE71E}.Debug|Any CPU.Build.0 = Debug|Any CPU
		{6C83AF61-74BE-4C19-BF9F-6E03490BE71E}.Release|Any CPU.ActiveCfg = Release|Any CPU
		{6C83AF61-74BE-4C19-BF9F-6E03490BE71E}.Release|Any CPU.Build.0 = Release|Any CPU
		{530FD3E2-5E09-455E-A3C1-331B04D5D033}.Debug|Any CPU.ActiveCfg = Debug|Any CPU
		{530FD3E2-5E09-455E-A3C1-331B04D5D033}.Debug|Any CPU.Build.0 = Debug|Any CPU
		{530FD3E2-5E09-455E-A3C1-331B04D5D033}.Release|Any CPU.ActiveCfg = Release|Any CPU
		{530FD3E2-5E09-455E-A3C1-331B04D5D033}.Release|Any CPU.Build.0 = Release|Any CPU
		{A4AEEFC6-C9E9-4001-9368-ABDFE834C2AF}.Debug|Any CPU.ActiveCfg = Debug|Any CPU
		{A4AEEFC6-C9E9-4001-9368-ABDFE834C2AF}.Debug|Any CPU.Build.0 = Debug|Any CPU
		{A4AEEFC6-C9E9-4001-9368-ABDFE834C2AF}.Release|Any CPU.ActiveCfg = Release|Any CPU
		{A4AEEFC6-C9E9-4001-9368-ABDFE834C2AF}.Release|Any CPU.Build.0 = Release|Any CPU
		{B74A56BC-F716-473E-8A89-7C82A3865D67}.Debug|Any CPU.ActiveCfg = Debug|Any CPU
		{B74A56BC-F716-473E-8A89-7C82A3865D67}.Debug|Any CPU.Build.0 = Debug|Any CPU
		{B74A56BC-F716-473E-8A89-7C82A3865D67}.Release|Any CPU.ActiveCfg = Release|Any CPU
		{B74A56BC-F716-473E-8A89-7C82A3865D67}.Release|Any CPU.Build.0 = Release|Any CPU
		{1E7ED0B9-F06F-41CF-B66B-32C3293389AA}.Debug|Any CPU.ActiveCfg = Debug|Any CPU
		{1E7ED0B9-F06F-41CF-B66B-32C3293389AA}.Debug|Any CPU.Build.0 = Debug|Any CPU
		{1E7ED0B9-F06F-41CF-B66B-32C3293389AA}.Release|Any CPU.ActiveCfg = Release|Any CPU
		{1E7ED0B9-F06F-41CF-B66B-32C3293389AA}.Release|Any CPU.Build.0 = Release|Any CPU
		{05B80791-0D81-4E59-9773-8339CF27D0AD}.Debug|Any CPU.ActiveCfg = Debug|Any CPU
		{05B80791-0D81-4E59-9773-8339CF27D0AD}.Debug|Any CPU.Build.0 = Debug|Any CPU
		{05B80791-0D81-4E59-9773-8339CF27D0AD}.Release|Any CPU.ActiveCfg = Release|Any CPU
		{05B80791-0D81-4E59-9773-8339CF27D0AD}.Release|Any CPU.Build.0 = Release|Any CPU
		{CA540642-2CBB-4276-9D1D-EE198F83A7F6}.Debug|Any CPU.ActiveCfg = Debug|Any CPU
		{CA540642-2CBB-4276-9D1D-EE198F83A7F6}.Debug|Any CPU.Build.0 = Debug|Any CPU
		{CA540642-2CBB-4276-9D1D-EE198F83A7F6}.Release|Any CPU.ActiveCfg = Release|Any CPU
		{CA540642-2CBB-4276-9D1D-EE198F83A7F6}.Release|Any CPU.Build.0 = Release|Any CPU
		{56C32D74-9EC7-441C-B293-A003A0168269}.Debug|Any CPU.ActiveCfg = Debug|Any CPU
		{56C32D74-9EC7-441C-B293-A003A0168269}.Debug|Any CPU.Build.0 = Debug|Any CPU
		{56C32D74-9EC7-441C-B293-A003A0168269}.Release|Any CPU.ActiveCfg = Release|Any CPU
		{56C32D74-9EC7-441C-B293-A003A0168269}.Release|Any CPU.Build.0 = Release|Any CPU
		{78C3FF2C-A173-4A7C-A2F7-132E81AED47E}.Debug|Any CPU.ActiveCfg = Debug|Any CPU
		{78C3FF2C-A173-4A7C-A2F7-132E81AED47E}.Debug|Any CPU.Build.0 = Debug|Any CPU
		{78C3FF2C-A173-4A7C-A2F7-132E81AED47E}.Release|Any CPU.ActiveCfg = Release|Any CPU
		{78C3FF2C-A173-4A7C-A2F7-132E81AED47E}.Release|Any CPU.Build.0 = Release|Any CPU
		{2D68C519-C5F8-41F5-89A6-0429CD3B659F}.Debug|Any CPU.ActiveCfg = Debug|Any CPU
		{2D68C519-C5F8-41F5-89A6-0429CD3B659F}.Debug|Any CPU.Build.0 = Debug|Any CPU
		{2D68C519-C5F8-41F5-89A6-0429CD3B659F}.Release|Any CPU.ActiveCfg = Release|Any CPU
		{2D68C519-C5F8-41F5-89A6-0429CD3B659F}.Release|Any CPU.Build.0 = Release|Any CPU
		{9FF61D4A-CCD7-401F-85E3-11B4F2E2D17A}.Debug|Any CPU.ActiveCfg = Debug|Any CPU
		{9FF61D4A-CCD7-401F-85E3-11B4F2E2D17A}.Debug|Any CPU.Build.0 = Debug|Any CPU
		{9FF61D4A-CCD7-401F-85E3-11B4F2E2D17A}.Release|Any CPU.ActiveCfg = Release|Any CPU
		{9FF61D4A-CCD7-401F-85E3-11B4F2E2D17A}.Release|Any CPU.Build.0 = Release|Any CPU
		{E90F1155-0574-4FF7-A072-23F033F6EAF3}.Debug|Any CPU.ActiveCfg = Debug|Any CPU
		{E90F1155-0574-4FF7-A072-23F033F6EAF3}.Debug|Any CPU.Build.0 = Debug|Any CPU
		{E90F1155-0574-4FF7-A072-23F033F6EAF3}.Release|Any CPU.ActiveCfg = Release|Any CPU
		{E90F1155-0574-4FF7-A072-23F033F6EAF3}.Release|Any CPU.Build.0 = Release|Any CPU
		{81ADE5FF-4671-4E39-9C2B-A0FB1C96E4C1}.Debug|Any CPU.ActiveCfg = Debug|Any CPU
		{81ADE5FF-4671-4E39-9C2B-A0FB1C96E4C1}.Debug|Any CPU.Build.0 = Debug|Any CPU
		{81ADE5FF-4671-4E39-9C2B-A0FB1C96E4C1}.Release|Any CPU.ActiveCfg = Release|Any CPU
		{81ADE5FF-4671-4E39-9C2B-A0FB1C96E4C1}.Release|Any CPU.Build.0 = Release|Any CPU
		{9FC6095F-A6ED-4AF4-8AA3-4B1AA0DFB4FF}.Debug|Any CPU.ActiveCfg = Debug|Any CPU
		{9FC6095F-A6ED-4AF4-8AA3-4B1AA0DFB4FF}.Debug|Any CPU.Build.0 = Debug|Any CPU
		{9FC6095F-A6ED-4AF4-8AA3-4B1AA0DFB4FF}.Release|Any CPU.ActiveCfg = Release|Any CPU
		{9FC6095F-A6ED-4AF4-8AA3-4B1AA0DFB4FF}.Release|Any CPU.Build.0 = Release|Any CPU
		{F2E5D07F-D182-4CA5-BA15-82428551D57E}.Debug|Any CPU.ActiveCfg = Debug|Any CPU
		{F2E5D07F-D182-4CA5-BA15-82428551D57E}.Debug|Any CPU.Build.0 = Debug|Any CPU
		{F2E5D07F-D182-4CA5-BA15-82428551D57E}.Release|Any CPU.ActiveCfg = Release|Any CPU
		{F2E5D07F-D182-4CA5-BA15-82428551D57E}.Release|Any CPU.Build.0 = Release|Any CPU
	EndGlobalSection
	GlobalSection(SolutionProperties) = preSolution
		HideSolutionNode = FALSE
	EndGlobalSection
	GlobalSection(NestedProjects) = preSolution
		{6C83AF61-74BE-4C19-BF9F-6E03490BE71E} = {4A9E9165-EE68-4D00-8CDA-8E99A3B321F1}
		{530FD3E2-5E09-455E-A3C1-331B04D5D033} = {4A9E9165-EE68-4D00-8CDA-8E99A3B321F1}
		{1E7ED0B9-F06F-41CF-B66B-32C3293389AA} = {4A9E9165-EE68-4D00-8CDA-8E99A3B321F1}
		{56C32D74-9EC7-441C-B293-A003A0168269} = {4A9E9165-EE68-4D00-8CDA-8E99A3B321F1}
		{78C3FF2C-A173-4A7C-A2F7-132E81AED47E} = {C8F12C9D-08CA-4207-81ED-D6910CCB1166}
		{2D68C519-C5F8-41F5-89A6-0429CD3B659F} = {C8F12C9D-08CA-4207-81ED-D6910CCB1166}
		{9FF61D4A-CCD7-401F-85E3-11B4F2E2D17A} = {C8F12C9D-08CA-4207-81ED-D6910CCB1166}
		{E90F1155-0574-4FF7-A072-23F033F6EAF3} = {F34C2665-3A36-40DC-A1C7-ACDACB017054}
		{81ADE5FF-4671-4E39-9C2B-A0FB1C96E4C1} = {4A9E9165-EE68-4D00-8CDA-8E99A3B321F1}
	EndGlobalSection
	GlobalSection(ExtensibilityGlobals) = postSolution
		SolutionGuid = {0A2D9186-3C3E-4641-9348-509BC20FFB75}
	EndGlobalSection
EndGlobal
